// !$*UTF8*$!
{
	archiveVersion = 1;
	classes = {
	};
	objectVersion = 46;
	objects = {

/* Begin PBXBuildFile section */
		0D1604581883D4C800FE63BD /* Foundation.framework in Frameworks */ = {isa = PBXBuildFile; fileRef = 0D1604571883D4C800FE63BD /* Foundation.framework */; };
		0D16045A1883D4C800FE63BD /* CoreGraphics.framework in Frameworks */ = {isa = PBXBuildFile; fileRef = 0D1604591883D4C800FE63BD /* CoreGraphics.framework */; };
		0D16045C1883D4C800FE63BD /* UIKit.framework in Frameworks */ = {isa = PBXBuildFile; fileRef = 0D16045B1883D4C800FE63BD /* UIKit.framework */; };
		0D1604621883D4C800FE63BD /* InfoPlist.strings in Resources */ = {isa = PBXBuildFile; fileRef = 0D1604601883D4C800FE63BD /* InfoPlist.strings */; };
		0D1604641883D4C800FE63BD /* main.m in Sources */ = {isa = PBXBuildFile; fileRef = 0D1604631883D4C800FE63BD /* main.m */; };
		0D1604681883D4C800FE63BD /* FotokuAppDelegate.m in Sources */ = {isa = PBXBuildFile; fileRef = 0D1604671883D4C800FE63BD /* FotokuAppDelegate.m */; };
		0D16046B1883D4C800FE63BD /* Main.storyboard in Resources */ = {isa = PBXBuildFile; fileRef = 0D1604691883D4C800FE63BD /* Main.storyboard */; };
		0D1604701883D4C800FE63BD /* Images.xcassets in Resources */ = {isa = PBXBuildFile; fileRef = 0D16046F1883D4C800FE63BD /* Images.xcassets */; };
		0D1604771883D4C800FE63BD /* XCTest.framework in Frameworks */ = {isa = PBXBuildFile; fileRef = 0D1604761883D4C800FE63BD /* XCTest.framework */; };
		0D1604781883D4C800FE63BD /* Foundation.framework in Frameworks */ = {isa = PBXBuildFile; fileRef = 0D1604571883D4C800FE63BD /* Foundation.framework */; };
		0D1604791883D4C800FE63BD /* UIKit.framework in Frameworks */ = {isa = PBXBuildFile; fileRef = 0D16045B1883D4C800FE63BD /* UIKit.framework */; };
		0D1604811883D4C800FE63BD /* InfoPlist.strings in Resources */ = {isa = PBXBuildFile; fileRef = 0D16047F1883D4C800FE63BD /* InfoPlist.strings */; };
		0D1604831883D4C800FE63BD /* FotokuTests.m in Sources */ = {isa = PBXBuildFile; fileRef = 0D1604821883D4C800FE63BD /* FotokuTests.m */; };
		0D16048E1883D75E00FE63BD /* CoreDataTableViewController.m in Sources */ = {isa = PBXBuildFile; fileRef = 0D16048D1883D75E00FE63BD /* CoreDataTableViewController.m */; };
		0D1604911883D99000FE63BD /* Fotoku.xcdatamodeld in Sources */ = {isa = PBXBuildFile; fileRef = 0D16048F1883D99000FE63BD /* Fotoku.xcdatamodeld */; };
		0D1604A11883DFE900FE63BD /* QuestsCDTVC.m in Sources */ = {isa = PBXBuildFile; fileRef = 0D1604A01883DFE900FE63BD /* QuestsCDTVC.m */; };
		0D1604B01884283B00FE63BD /* User.m in Sources */ = {isa = PBXBuildFile; fileRef = 0D1604AF1884283B00FE63BD /* User.m */; };
		0D1604B318844CFA00FE63BD /* QuestCell.m in Sources */ = {isa = PBXBuildFile; fileRef = 0D1604B218844CFA00FE63BD /* QuestCell.m */; };
		0D1604B6188923D300FE63BD /* CreateQuestViewController.m in Sources */ = {isa = PBXBuildFile; fileRef = 0D1604B5188923D300FE63BD /* CreateQuestViewController.m */; };
		0DA51428188AEF0800195731 /* Quest+Annotation.m in Sources */ = {isa = PBXBuildFile; fileRef = 0DA51427188AEF0800195731 /* Quest+Annotation.m */; };
		0DA5142B188C4ABD00195731 /* Quest.m in Sources */ = {isa = PBXBuildFile; fileRef = 0DA5142A188C4ABD00195731 /* Quest.m */; };
		0DE8D5D018894BDF00336BBB /* MapKit.framework in Frameworks */ = {isa = PBXBuildFile; fileRef = 0DE8D5CF18894BDF00336BBB /* MapKit.framework */; };
		0DE8D5D318895C3F00336BBB /* User+Current.m in Sources */ = {isa = PBXBuildFile; fileRef = 0DE8D5D218895C3F00336BBB /* User+Current.m */; };
		0DE8D5D9188974C600336BBB /* UIImage+Helper.m in Sources */ = {isa = PBXBuildFile; fileRef = 0DE8D5D8188974C600336BBB /* UIImage+Helper.m */; };
		2BFBB1E934B741BA9B6A578B /* libPods.a in Frameworks */ = {isa = PBXBuildFile; fileRef = D2244A2504B4457C972DC518 /* libPods.a */; };
/* End PBXBuildFile section */

/* Begin PBXContainerItemProxy section */
		0D16047A1883D4C800FE63BD /* PBXContainerItemProxy */ = {
			isa = PBXContainerItemProxy;
			containerPortal = 0D16044C1883D4C800FE63BD /* Project object */;
			proxyType = 1;
			remoteGlobalIDString = 0D1604531883D4C800FE63BD;
			remoteInfo = Fotoku;
		};
/* End PBXContainerItemProxy section */

/* Begin PBXFileReference section */
		0D1604541883D4C800FE63BD /* Fotoku.app */ = {isa = PBXFileReference; explicitFileType = wrapper.application; includeInIndex = 0; path = Fotoku.app; sourceTree = BUILT_PRODUCTS_DIR; };
		0D1604571883D4C800FE63BD /* Foundation.framework */ = {isa = PBXFileReference; lastKnownFileType = wrapper.framework; name = Foundation.framework; path = System/Library/Frameworks/Foundation.framework; sourceTree = SDKROOT; };
		0D1604591883D4C800FE63BD /* CoreGraphics.framework */ = {isa = PBXFileReference; lastKnownFileType = wrapper.framework; name = CoreGraphics.framework; path = System/Library/Frameworks/CoreGraphics.framework; sourceTree = SDKROOT; };
		0D16045B1883D4C800FE63BD /* UIKit.framework */ = {isa = PBXFileReference; lastKnownFileType = wrapper.framework; name = UIKit.framework; path = System/Library/Frameworks/UIKit.framework; sourceTree = SDKROOT; };
		0D16045F1883D4C800FE63BD /* Fotoku-Info.plist */ = {isa = PBXFileReference; lastKnownFileType = text.plist.xml; path = "Fotoku-Info.plist"; sourceTree = "<group>"; };
		0D1604611883D4C800FE63BD /* en */ = {isa = PBXFileReference; lastKnownFileType = text.plist.strings; name = en; path = en.lproj/InfoPlist.strings; sourceTree = "<group>"; };
		0D1604631883D4C800FE63BD /* main.m */ = {isa = PBXFileReference; lastKnownFileType = sourcecode.c.objc; path = main.m; sourceTree = "<group>"; };
		0D1604651883D4C800FE63BD /* Fotoku-Prefix.pch */ = {isa = PBXFileReference; lastKnownFileType = sourcecode.c.h; path = "Fotoku-Prefix.pch"; sourceTree = "<group>"; };
		0D1604661883D4C800FE63BD /* FotokuAppDelegate.h */ = {isa = PBXFileReference; lastKnownFileType = sourcecode.c.h; path = FotokuAppDelegate.h; sourceTree = "<group>"; };
		0D1604671883D4C800FE63BD /* FotokuAppDelegate.m */ = {isa = PBXFileReference; lastKnownFileType = sourcecode.c.objc; path = FotokuAppDelegate.m; sourceTree = "<group>"; };
		0D16046A1883D4C800FE63BD /* Base */ = {isa = PBXFileReference; lastKnownFileType = file.storyboard; name = Base; path = Base.lproj/Main.storyboard; sourceTree = "<group>"; };
		0D16046F1883D4C800FE63BD /* Images.xcassets */ = {isa = PBXFileReference; lastKnownFileType = folder.assetcatalog; path = Images.xcassets; sourceTree = "<group>"; };
		0D1604751883D4C800FE63BD /* FotokuTests.xctest */ = {isa = PBXFileReference; explicitFileType = wrapper.cfbundle; includeInIndex = 0; path = FotokuTests.xctest; sourceTree = BUILT_PRODUCTS_DIR; };
		0D1604761883D4C800FE63BD /* XCTest.framework */ = {isa = PBXFileReference; lastKnownFileType = wrapper.framework; name = XCTest.framework; path = Library/Frameworks/XCTest.framework; sourceTree = DEVELOPER_DIR; };
		0D16047E1883D4C800FE63BD /* FotokuTests-Info.plist */ = {isa = PBXFileReference; lastKnownFileType = text.plist.xml; path = "FotokuTests-Info.plist"; sourceTree = "<group>"; };
		0D1604801883D4C800FE63BD /* en */ = {isa = PBXFileReference; lastKnownFileType = text.plist.strings; name = en; path = en.lproj/InfoPlist.strings; sourceTree = "<group>"; };
		0D1604821883D4C800FE63BD /* FotokuTests.m */ = {isa = PBXFileReference; lastKnownFileType = sourcecode.c.objc; path = FotokuTests.m; sourceTree = "<group>"; };
		0D16048C1883D75E00FE63BD /* CoreDataTableViewController.h */ = {isa = PBXFileReference; fileEncoding = 4; lastKnownFileType = sourcecode.c.h; path = CoreDataTableViewController.h; sourceTree = "<group>"; };
		0D16048D1883D75E00FE63BD /* CoreDataTableViewController.m */ = {isa = PBXFileReference; fileEncoding = 4; lastKnownFileType = sourcecode.c.objc; path = CoreDataTableViewController.m; sourceTree = "<group>"; };
		0D1604901883D99000FE63BD /* Fotoku.xcdatamodel */ = {isa = PBXFileReference; lastKnownFileType = wrapper.xcdatamodel; path = Fotoku.xcdatamodel; sourceTree = "<group>"; };
		0D16049F1883DFE900FE63BD /* QuestsCDTVC.h */ = {isa = PBXFileReference; fileEncoding = 4; lastKnownFileType = sourcecode.c.h; name = QuestsCDTVC.h; path = ../QuestsCDTVC.h; sourceTree = "<group>"; };
		0D1604A01883DFE900FE63BD /* QuestsCDTVC.m */ = {isa = PBXFileReference; fileEncoding = 4; lastKnownFileType = sourcecode.c.objc; name = QuestsCDTVC.m; path = ../QuestsCDTVC.m; sourceTree = "<group>"; };
		0D1604AE1884283B00FE63BD /* User.h */ = {isa = PBXFileReference; fileEncoding = 4; lastKnownFileType = sourcecode.c.h; path = User.h; sourceTree = "<group>"; };
		0D1604AF1884283B00FE63BD /* User.m */ = {isa = PBXFileReference; fileEncoding = 4; lastKnownFileType = sourcecode.c.objc; path = User.m; sourceTree = "<group>"; };
		0D1604B118844CFA00FE63BD /* QuestCell.h */ = {isa = PBXFileReference; fileEncoding = 4; lastKnownFileType = sourcecode.c.h; path = QuestCell.h; sourceTree = "<group>"; };
		0D1604B218844CFA00FE63BD /* QuestCell.m */ = {isa = PBXFileReference; fileEncoding = 4; lastKnownFileType = sourcecode.c.objc; path = QuestCell.m; sourceTree = "<group>"; };
		0D1604B4188923D300FE63BD /* CreateQuestViewController.h */ = {isa = PBXFileReference; fileEncoding = 4; lastKnownFileType = sourcecode.c.h; path = CreateQuestViewController.h; sourceTree = "<group>"; };
		0D1604B5188923D300FE63BD /* CreateQuestViewController.m */ = {isa = PBXFileReference; fileEncoding = 4; lastKnownFileType = sourcecode.c.objc; path = CreateQuestViewController.m; sourceTree = "<group>"; };
		0DA51426188AEF0800195731 /* Quest+Annotation.h */ = {isa = PBXFileReference; fileEncoding = 4; lastKnownFileType = sourcecode.c.h; path = "Quest+Annotation.h"; sourceTree = "<group>"; };
		0DA51427188AEF0800195731 /* Quest+Annotation.m */ = {isa = PBXFileReference; fileEncoding = 4; lastKnownFileType = sourcecode.c.objc; path = "Quest+Annotation.m"; sourceTree = "<group>"; };
		0DA51429188C4ABD00195731 /* Quest.h */ = {isa = PBXFileReference; fileEncoding = 4; lastKnownFileType = sourcecode.c.h; path = Quest.h; sourceTree = "<group>"; };
		0DA5142A188C4ABD00195731 /* Quest.m */ = {isa = PBXFileReference; fileEncoding = 4; lastKnownFileType = sourcecode.c.objc; path = Quest.m; sourceTree = "<group>"; };
		0DE8D5CF18894BDF00336BBB /* MapKit.framework */ = {isa = PBXFileReference; lastKnownFileType = wrapper.framework; name = MapKit.framework; path = System/Library/Frameworks/MapKit.framework; sourceTree = SDKROOT; };
		0DE8D5D118895C3F00336BBB /* User+Current.h */ = {isa = PBXFileReference; fileEncoding = 4; lastKnownFileType = sourcecode.c.h; path = "User+Current.h"; sourceTree = "<group>"; };
		0DE8D5D218895C3F00336BBB /* User+Current.m */ = {isa = PBXFileReference; fileEncoding = 4; lastKnownFileType = sourcecode.c.objc; path = "User+Current.m"; sourceTree = "<group>"; };
		0DE8D5D7188974C600336BBB /* UIImage+Helper.h */ = {isa = PBXFileReference; fileEncoding = 4; lastKnownFileType = sourcecode.c.h; path = "UIImage+Helper.h"; sourceTree = "<group>"; };
		0DE8D5D8188974C600336BBB /* UIImage+Helper.m */ = {isa = PBXFileReference; fileEncoding = 4; lastKnownFileType = sourcecode.c.objc; path = "UIImage+Helper.m"; sourceTree = "<group>"; };
		96B5BEED799D4E7FADD1CEC9 /* Pods.xcconfig */ = {isa = PBXFileReference; includeInIndex = 1; lastKnownFileType = text.xcconfig; name = Pods.xcconfig; path = Pods/Pods.xcconfig; sourceTree = "<group>"; };
		D2244A2504B4457C972DC518 /* libPods.a */ = {isa = PBXFileReference; explicitFileType = archive.ar; includeInIndex = 0; path = libPods.a; sourceTree = BUILT_PRODUCTS_DIR; };
/* End PBXFileReference section */

/* Begin PBXFrameworksBuildPhase section */
		0D1604511883D4C800FE63BD /* Frameworks */ = {
			isa = PBXFrameworksBuildPhase;
			buildActionMask = 2147483647;
			files = (
				0D16045A1883D4C800FE63BD /* CoreGraphics.framework in Frameworks */,
				0D16045C1883D4C800FE63BD /* UIKit.framework in Frameworks */,
				0DE8D5D018894BDF00336BBB /* MapKit.framework in Frameworks */,
				0D1604581883D4C800FE63BD /* Foundation.framework in Frameworks */,
				2BFBB1E934B741BA9B6A578B /* libPods.a in Frameworks */,
			);
			runOnlyForDeploymentPostprocessing = 0;
		};
		0D1604721883D4C800FE63BD /* Frameworks */ = {
			isa = PBXFrameworksBuildPhase;
			buildActionMask = 2147483647;
			files = (
				0D1604771883D4C800FE63BD /* XCTest.framework in Frameworks */,
				0D1604791883D4C800FE63BD /* UIKit.framework in Frameworks */,
				0D1604781883D4C800FE63BD /* Foundation.framework in Frameworks */,
			);
			runOnlyForDeploymentPostprocessing = 0;
		};
/* End PBXFrameworksBuildPhase section */

/* Begin PBXGroup section */
		0D16044B1883D4C800FE63BD = {
			isa = PBXGroup;
			children = (
				0D16045D1883D4C800FE63BD /* Fotoku */,
				0D16047C1883D4C800FE63BD /* FotokuTests */,
				0D1604561883D4C800FE63BD /* Frameworks */,
				0D1604551883D4C800FE63BD /* Products */,
				96B5BEED799D4E7FADD1CEC9 /* Pods.xcconfig */,
			);
			sourceTree = "<group>";
		};
		0D1604551883D4C800FE63BD /* Products */ = {
			isa = PBXGroup;
			children = (
				0D1604541883D4C800FE63BD /* Fotoku.app */,
				0D1604751883D4C800FE63BD /* FotokuTests.xctest */,
			);
			name = Products;
			sourceTree = "<group>";
		};
		0D1604561883D4C800FE63BD /* Frameworks */ = {
			isa = PBXGroup;
			children = (
				0DE8D5CF18894BDF00336BBB /* MapKit.framework */,
				0D1604571883D4C800FE63BD /* Foundation.framework */,
				0D1604591883D4C800FE63BD /* CoreGraphics.framework */,
				0D16045B1883D4C800FE63BD /* UIKit.framework */,
				0D1604761883D4C800FE63BD /* XCTest.framework */,
				D2244A2504B4457C972DC518 /* libPods.a */,
			);
			name = Frameworks;
			sourceTree = "<group>";
		};
		0D16045D1883D4C800FE63BD /* Fotoku */ = {
			isa = PBXGroup;
			children = (
				0D1604661883D4C800FE63BD /* FotokuAppDelegate.h */,
				0D1604671883D4C800FE63BD /* FotokuAppDelegate.m */,
				0D1604691883D4C800FE63BD /* Main.storyboard */,
				0D1604B4188923D300FE63BD /* CreateQuestViewController.h */,
				0D1604B5188923D300FE63BD /* CreateQuestViewController.m */,
				0DE8D5D7188974C600336BBB /* UIImage+Helper.h */,
				0DE8D5D8188974C600336BBB /* UIImage+Helper.m */,
				0D16049F1883DFE900FE63BD /* QuestsCDTVC.h */,
				0D1604A01883DFE900FE63BD /* QuestsCDTVC.m */,
				0D1604B118844CFA00FE63BD /* QuestCell.h */,
				0D1604B218844CFA00FE63BD /* QuestCell.m */,
				0D16048C1883D75E00FE63BD /* CoreDataTableViewController.h */,
				0D16048D1883D75E00FE63BD /* CoreDataTableViewController.m */,
				0D16049E1883DBBA00FE63BD /* Core Data Model */,
				0D16046F1883D4C800FE63BD /* Images.xcassets */,
				0D16045E1883D4C800FE63BD /* Supporting Files */,
			);
			path = Fotoku;
			sourceTree = "<group>";
		};
		0D16045E1883D4C800FE63BD /* Supporting Files */ = {
			isa = PBXGroup;
			children = (
				0D16045F1883D4C800FE63BD /* Fotoku-Info.plist */,
				0D1604601883D4C800FE63BD /* InfoPlist.strings */,
				0D1604631883D4C800FE63BD /* main.m */,
				0D1604651883D4C800FE63BD /* Fotoku-Prefix.pch */,
			);
			name = "Supporting Files";
			sourceTree = "<group>";
		};
		0D16047C1883D4C800FE63BD /* FotokuTests */ = {
			isa = PBXGroup;
			children = (
				0D1604821883D4C800FE63BD /* FotokuTests.m */,
				0D16047D1883D4C800FE63BD /* Supporting Files */,
			);
			path = FotokuTests;
			sourceTree = "<group>";
		};
		0D16047D1883D4C800FE63BD /* Supporting Files */ = {
			isa = PBXGroup;
			children = (
				0D16047E1883D4C800FE63BD /* FotokuTests-Info.plist */,
				0D16047F1883D4C800FE63BD /* InfoPlist.strings */,
			);
			name = "Supporting Files";
			sourceTree = "<group>";
		};
		0D16049E1883DBBA00FE63BD /* Core Data Model */ = {
			isa = PBXGroup;
			children = (
				0D16048F1883D99000FE63BD /* Fotoku.xcdatamodeld */,
				0DA51429188C4ABD00195731 /* Quest.h */,
				0DA5142A188C4ABD00195731 /* Quest.m */,
				0DA51426188AEF0800195731 /* Quest+Annotation.h */,
				0DA51427188AEF0800195731 /* Quest+Annotation.m */,
				0D1604AE1884283B00FE63BD /* User.h */,
				0D1604AF1884283B00FE63BD /* User.m */,
				0DE8D5D118895C3F00336BBB /* User+Current.h */,
				0DE8D5D218895C3F00336BBB /* User+Current.m */,
			);
			name = "Core Data Model";
			sourceTree = "<group>";
		};
/* End PBXGroup section */

/* Begin PBXNativeTarget section */
		0D1604531883D4C800FE63BD /* Fotoku */ = {
			isa = PBXNativeTarget;
			buildConfigurationList = 0D1604861883D4C800FE63BD /* Build configuration list for PBXNativeTarget "Fotoku" */;
			buildPhases = (
				0514B366B7144D31B36491D6 /* Check Pods Manifest.lock */,
				0D1604501883D4C800FE63BD /* Sources */,
				0D1604511883D4C800FE63BD /* Frameworks */,
				0D1604521883D4C800FE63BD /* Resources */,
				7E2FE92638C84397AE97955D /* Copy Pods Resources */,
			);
			buildRules = (
			);
			dependencies = (
			);
			name = Fotoku;
			productName = Fotoku;
			productReference = 0D1604541883D4C800FE63BD /* Fotoku.app */;
			productType = "com.apple.product-type.application";
		};
		0D1604741883D4C800FE63BD /* FotokuTests */ = {
			isa = PBXNativeTarget;
			buildConfigurationList = 0D1604891883D4C800FE63BD /* Build configuration list for PBXNativeTarget "FotokuTests" */;
			buildPhases = (
				0D1604711883D4C800FE63BD /* Sources */,
				0D1604721883D4C800FE63BD /* Frameworks */,
				0D1604731883D4C800FE63BD /* Resources */,
			);
			buildRules = (
			);
			dependencies = (
				0D16047B1883D4C800FE63BD /* PBXTargetDependency */,
			);
			name = FotokuTests;
			productName = FotokuTests;
			productReference = 0D1604751883D4C800FE63BD /* FotokuTests.xctest */;
			productType = "com.apple.product-type.bundle.unit-test";
		};
/* End PBXNativeTarget section */

/* Begin PBXProject section */
		0D16044C1883D4C800FE63BD /* Project object */ = {
			isa = PBXProject;
			attributes = {
				CLASSPREFIX = Fotoku;
				LastUpgradeCheck = 0500;
				ORGANIZATIONNAME = "Olivier Van Den Biggelaar";
				TargetAttributes = {
					0D1604531883D4C800FE63BD = {
						DevelopmentTeam = ERVJA8H5HW;
						SystemCapabilities = {
							com.apple.iOS = {
								enabled = 1;
							};
						};
					};
					0D1604741883D4C800FE63BD = {
						TestTargetID = 0D1604531883D4C800FE63BD;
					};
				};
			};
			buildConfigurationList = 0D16044F1883D4C800FE63BD /* Build configuration list for PBXProject "Fotoku" */;
			compatibilityVersion = "Xcode 3.2";
			developmentRegion = English;
			hasScannedForEncodings = 0;
			knownRegions = (
				en,
				Base,
			);
			mainGroup = 0D16044B1883D4C800FE63BD;
			productRefGroup = 0D1604551883D4C800FE63BD /* Products */;
			projectDirPath = "";
			projectRoot = "";
			targets = (
				0D1604531883D4C800FE63BD /* Fotoku */,
				0D1604741883D4C800FE63BD /* FotokuTests */,
			);
		};
/* End PBXProject section */

/* Begin PBXResourcesBuildPhase section */
		0D1604521883D4C800FE63BD /* Resources */ = {
			isa = PBXResourcesBuildPhase;
			buildActionMask = 2147483647;
			files = (
				0D1604701883D4C800FE63BD /* Images.xcassets in Resources */,
				0D1604621883D4C800FE63BD /* InfoPlist.strings in Resources */,
				0D16046B1883D4C800FE63BD /* Main.storyboard in Resources */,
			);
			runOnlyForDeploymentPostprocessing = 0;
		};
		0D1604731883D4C800FE63BD /* Resources */ = {
			isa = PBXResourcesBuildPhase;
			buildActionMask = 2147483647;
			files = (
				0D1604811883D4C800FE63BD /* InfoPlist.strings in Resources */,
			);
			runOnlyForDeploymentPostprocessing = 0;
		};
/* End PBXResourcesBuildPhase section */

/* Begin PBXShellScriptBuildPhase section */
		0514B366B7144D31B36491D6 /* Check Pods Manifest.lock */ = {
			isa = PBXShellScriptBuildPhase;
			buildActionMask = 2147483647;
			files = (
			);
			inputPaths = (
			);
			name = "Check Pods Manifest.lock";
			outputPaths = (
			);
			runOnlyForDeploymentPostprocessing = 0;
			shellPath = /bin/sh;
			shellScript = "diff \"${PODS_ROOT}/../Podfile.lock\" \"${PODS_ROOT}/Manifest.lock\" > /dev/null\nif [[ $? != 0 ]] ; then\n    cat << EOM\nerror: The sandbox is not in sync with the Podfile.lock. Run 'pod install' or update your CocoaPods installation.\nEOM\n    exit 1\nfi\n";
			showEnvVarsInLog = 0;
		};
		7E2FE92638C84397AE97955D /* Copy Pods Resources */ = {
			isa = PBXShellScriptBuildPhase;
			buildActionMask = 2147483647;
			files = (
			);
			inputPaths = (
			);
			name = "Copy Pods Resources";
			outputPaths = (
			);
			runOnlyForDeploymentPostprocessing = 0;
			shellPath = /bin/sh;
			shellScript = "\"${SRCROOT}/Pods/Pods-resources.sh\"\n";
			showEnvVarsInLog = 0;
		};
/* End PBXShellScriptBuildPhase section */

/* Begin PBXSourcesBuildPhase section */
		0D1604501883D4C800FE63BD /* Sources */ = {
			isa = PBXSourcesBuildPhase;
			buildActionMask = 2147483647;
			files = (
				0DA5142B188C4ABD00195731 /* Quest.m in Sources */,
				0D1604B318844CFA00FE63BD /* QuestCell.m in Sources */,
				0D1604A11883DFE900FE63BD /* QuestsCDTVC.m in Sources */,
				0DE8D5D318895C3F00336BBB /* User+Current.m in Sources */,
				0D1604B01884283B00FE63BD /* User.m in Sources */,
				0D1604681883D4C800FE63BD /* FotokuAppDelegate.m in Sources */,
				0DA51428188AEF0800195731 /* Quest+Annotation.m in Sources */,
				0D1604641883D4C800FE63BD /* main.m in Sources */,
				0DE8D5D9188974C600336BBB /* UIImage+Helper.m in Sources */,
				0D1604B6188923D300FE63BD /* CreateQuestViewController.m in Sources */,
				0D16048E1883D75E00FE63BD /* CoreDataTableViewController.m in Sources */,
				0D1604911883D99000FE63BD /* Fotoku.xcdatamodeld in Sources */,
			);
			runOnlyForDeploymentPostprocessing = 0;
		};
		0D1604711883D4C800FE63BD /* Sources */ = {
			isa = PBXSourcesBuildPhase;
			buildActionMask = 2147483647;
			files = (
				0D1604831883D4C800FE63BD /* FotokuTests.m in Sources */,
			);
			runOnlyForDeploymentPostprocessing = 0;
		};
/* End PBXSourcesBuildPhase section */

/* Begin PBXTargetDependency section */
		0D16047B1883D4C800FE63BD /* PBXTargetDependency */ = {
			isa = PBXTargetDependency;
			target = 0D1604531883D4C800FE63BD /* Fotoku */;
			targetProxy = 0D16047A1883D4C800FE63BD /* PBXContainerItemProxy */;
		};
/* End PBXTargetDependency section */

/* Begin PBXVariantGroup section */
		0D1604601883D4C800FE63BD /* InfoPlist.strings */ = {
			isa = PBXVariantGroup;
			children = (
				0D1604611883D4C800FE63BD /* en */,
			);
			name = InfoPlist.strings;
			sourceTree = "<group>";
		};
		0D1604691883D4C800FE63BD /* Main.storyboard */ = {
			isa = PBXVariantGroup;
			children = (
				0D16046A1883D4C800FE63BD /* Base */,
			);
			name = Main.storyboard;
			sourceTree = "<group>";
		};
		0D16047F1883D4C800FE63BD /* InfoPlist.strings */ = {
			isa = PBXVariantGroup;
			children = (
				0D1604801883D4C800FE63BD /* en */,
			);
			name = InfoPlist.strings;
			sourceTree = "<group>";
		};
/* End PBXVariantGroup section */

/* Begin XCBuildConfiguration section */
		0D1604841883D4C800FE63BD /* Debug */ = {
			isa = XCBuildConfiguration;
			buildSettings = {
				ALWAYS_SEARCH_USER_PATHS = NO;
				ARCHS = "$(ARCHS_STANDARD_INCLUDING_64_BIT)";
				CLANG_CXX_LANGUAGE_STANDARD = "gnu++0x";
				CLANG_CXX_LIBRARY = "libc++";
				CLANG_ENABLE_MODULES = YES;
				CLANG_ENABLE_OBJC_ARC = YES;
				CLANG_WARN_BOOL_CONVERSION = YES;
				CLANG_WARN_CONSTANT_CONVERSION = YES;
				CLANG_WARN_DIRECT_OBJC_ISA_USAGE = YES_ERROR;
				CLANG_WARN_EMPTY_BODY = YES;
				CLANG_WARN_ENUM_CONVERSION = YES;
				CLANG_WARN_INT_CONVERSION = YES;
				CLANG_WARN_OBJC_ROOT_CLASS = YES_ERROR;
				CLANG_WARN__DUPLICATE_METHOD_MATCH = YES;
				"CODE_SIGN_IDENTITY[sdk=iphoneos*]" = "iPhone Developer";
				COPY_PHASE_STRIP = NO;
				GCC_C_LANGUAGE_STANDARD = gnu99;
				GCC_DYNAMIC_NO_PIC = NO;
				GCC_OPTIMIZATION_LEVEL = 0;
				GCC_PREPROCESSOR_DEFINITIONS = (
					"DEBUG=1",
					"$(inherited)",
				);
				GCC_SYMBOLS_PRIVATE_EXTERN = NO;
				GCC_WARN_64_TO_32_BIT_CONVERSION = YES;
				GCC_WARN_ABOUT_RETURN_TYPE = YES_ERROR;
				GCC_WARN_UNDECLARED_SELECTOR = YES;
				GCC_WARN_UNINITIALIZED_AUTOS = YES;
				GCC_WARN_UNUSED_FUNCTION = YES;
				GCC_WARN_UNUSED_VARIABLE = YES;
				IPHONEOS_DEPLOYMENT_TARGET = 7.0;
				ONLY_ACTIVE_ARCH = YES;
				SDKROOT = iphoneos;
			};
			name = Debug;
		};
		0D1604851883D4C800FE63BD /* Release */ = {
			isa = XCBuildConfiguration;
			buildSettings = {
				ALWAYS_SEARCH_USER_PATHS = NO;
				ARCHS = "$(ARCHS_STANDARD_INCLUDING_64_BIT)";
				CLANG_CXX_LANGUAGE_STANDARD = "gnu++0x";
				CLANG_CXX_LIBRARY = "libc++";
				CLANG_ENABLE_MODULES = YES;
				CLANG_ENABLE_OBJC_ARC = YES;
				CLANG_WARN_BOOL_CONVERSION = YES;
				CLANG_WARN_CONSTANT_CONVERSION = YES;
				CLANG_WARN_DIRECT_OBJC_ISA_USAGE = YES_ERROR;
				CLANG_WARN_EMPTY_BODY = YES;
				CLANG_WARN_ENUM_CONVERSION = YES;
				CLANG_WARN_INT_CONVERSION = YES;
				CLANG_WARN_OBJC_ROOT_CLASS = YES_ERROR;
				CLANG_WARN__DUPLICATE_METHOD_MATCH = YES;
				"CODE_SIGN_IDENTITY[sdk=iphoneos*]" = "iPhone Developer";
				COPY_PHASE_STRIP = YES;
				ENABLE_NS_ASSERTIONS = NO;
				GCC_C_LANGUAGE_STANDARD = gnu99;
				GCC_WARN_64_TO_32_BIT_CONVERSION = YES;
				GCC_WARN_ABOUT_RETURN_TYPE = YES_ERROR;
				GCC_WARN_UNDECLARED_SELECTOR = YES;
				GCC_WARN_UNINITIALIZED_AUTOS = YES;
				GCC_WARN_UNUSED_FUNCTION = YES;
				GCC_WARN_UNUSED_VARIABLE = YES;
				IPHONEOS_DEPLOYMENT_TARGET = 7.0;
				SDKROOT = iphoneos;
				VALIDATE_PRODUCT = YES;
			};
			name = Release;
		};
		0D1604871883D4C800FE63BD /* Debug */ = {
			isa = XCBuildConfiguration;
			baseConfigurationReference = 96B5BEED799D4E7FADD1CEC9 /* Pods.xcconfig */;
			buildSettings = {
				ASSETCATALOG_COMPILER_APPICON_NAME = AppIcon;
				ASSETCATALOG_COMPILER_LAUNCHIMAGE_NAME = LaunchImage;
				CODE_SIGN_IDENTITY = "iPhone Developer";
				"CODE_SIGN_IDENTITY[sdk=iphoneos*]" = "iPhone Developer";
				GCC_PRECOMPILE_PREFIX_HEADER = YES;
				GCC_PREFIX_HEADER = "Fotoku/Fotoku-Prefix.pch";
				INFOPLIST_FILE = "Fotoku/Fotoku-Info.plist";
				PRODUCT_NAME = "$(TARGET_NAME)";
				PROVISIONING_PROFILE = "";
				WRAPPER_EXTENSION = app;
			};
			name = Debug;
		};
		0D1604881883D4C800FE63BD /* Release */ = {
			isa = XCBuildConfiguration;
			baseConfigurationReference = 96B5BEED799D4E7FADD1CEC9 /* Pods.xcconfig */;
			buildSettings = {
				ASSETCATALOG_COMPILER_APPICON_NAME = AppIcon;
				ASSETCATALOG_COMPILER_LAUNCHIMAGE_NAME = LaunchImage;
				CODE_SIGN_IDENTITY = "iPhone Developer";
				"CODE_SIGN_IDENTITY[sdk=iphoneos*]" = "iPhone Developer";
				GCC_PRECOMPILE_PREFIX_HEADER = YES;
				GCC_PREFIX_HEADER = "Fotoku/Fotoku-Prefix.pch";
				INFOPLIST_FILE = "Fotoku/Fotoku-Info.plist";
				PRODUCT_NAME = "$(TARGET_NAME)";
				PROVISIONING_PROFILE = "";
				WRAPPER_EXTENSION = app;
			};
			name = Release;
		};
		0D16048A1883D4C800FE63BD /* Debug */ = {
			isa = XCBuildConfiguration;
			buildSettings = {
				ARCHS = "$(ARCHS_STANDARD_INCLUDING_64_BIT)";
				BUNDLE_LOADER = "$(BUILT_PRODUCTS_DIR)/Fotoku.app/Fotoku";
				FRAMEWORK_SEARCH_PATHS = (
					"$(SDKROOT)/Developer/Library/Frameworks",
					"$(inherited)",
					"$(DEVELOPER_FRAMEWORKS_DIR)",
				);
				GCC_PRECOMPILE_PREFIX_HEADER = YES;
				GCC_PREFIX_HEADER = "Fotoku/Fotoku-Prefix.pch";
				GCC_PREPROCESSOR_DEFINITIONS = (
					"DEBUG=1",
					"$(inherited)",
				);
				INFOPLIST_FILE = "FotokuTests/FotokuTests-Info.plist";
				PRODUCT_NAME = "$(TARGET_NAME)";
				TEST_HOST = "$(BUNDLE_LOADER)";
				WRAPPER_EXTENSION = xctest;
			};
			name = Debug;
		};
		0D16048B1883D4C800FE63BD /* Release */ = {
			isa = XCBuildConfiguration;
			buildSettings = {
				ARCHS = "$(ARCHS_STANDARD_INCLUDING_64_BIT)";
				BUNDLE_LOADER = "$(BUILT_PRODUCTS_DIR)/Fotoku.app/Fotoku";
				FRAMEWORK_SEARCH_PATHS = (
					"$(SDKROOT)/Developer/Library/Frameworks",
					"$(inherited)",
					"$(DEVELOPER_FRAMEWORKS_DIR)",
				);
				GCC_PRECOMPILE_PREFIX_HEADER = YES;
				GCC_PREFIX_HEADER = "Fotoku/Fotoku-Prefix.pch";
				INFOPLIST_FILE = "FotokuTests/FotokuTests-Info.plist";
				PRODUCT_NAME = "$(TARGET_NAME)";
				TEST_HOST = "$(BUNDLE_LOADER)";
				WRAPPER_EXTENSION = xctest;
			};
			name = Release;
		};
/* End XCBuildConfiguration section */

/* Begin XCConfigurationList section */
		0D16044F1883D4C800FE63BD /* Build configuration list for PBXProject "Fotoku" */ = {
			isa = XCConfigurationList;
			buildConfigurations = (
				0D1604841883D4C800FE63BD /* Debug */,
				0D1604851883D4C800FE63BD /* Release */,
			);
			defaultConfigurationIsVisible = 0;
			defaultConfigurationName = Release;
		};
		0D1604861883D4C800FE63BD /* Build configuration list for PBXNativeTarget "Fotoku" */ = {
			isa = XCConfigurationList;
			buildConfigurations = (
				0D1604871883D4C800FE63BD /* Debug */,
				0D1604881883D4C800FE63BD /* Release */,
			);
			defaultConfigurationIsVisible = 0;
			defaultConfigurationName = Release;
		};
		0D1604891883D4C800FE63BD /* Build configuration list for PBXNativeTarget "FotokuTests" */ = {
			isa = XCConfigurationList;
			buildConfigurations = (
				0D16048A1883D4C800FE63BD /* Debug */,
				0D16048B1883D4C800FE63BD /* Release */,
			);
			defaultConfigurationIsVisible = 0;
			defaultConfigurationName = Release;
		};
/* End XCConfigurationList section */

/* Begin XCVersionGroup section */
		0D16048F1883D99000FE63BD /* Fotoku.xcdatamodeld */ = {
			isa = XCVersionGroup;
			children = (
				0D1604901883D99000FE63BD /* Fotoku.xcdatamodel */,
			);
			currentVersion = 0D1604901883D99000FE63BD /* Fotoku.xcdatamodel */;
			path = Fotoku.xcdatamodeld;
			sourceTree = "<group>";
			versionGroupType = wrapper.xcdatamodel;
		};
/* End XCVersionGroup section */
	};
	rootObject = 0D16044C1883D4C800FE63BD /* Project object */;
}
